
Microsoft Visual Studio Solution File, Format Version 12.00
# Visual Studio Version 16
VisualStudioVersion = 16.0.31321.278
MinimumVisualStudioVersion = 10.0.40219.1
Project("{F184B08F-C81C-45F6-A57F-5ABD9991F28F}") = "ConsumirApiNew", "ConsumirApiNew\ConsumirApiNew.vbproj", "{B0D928E4-7FC5-4BCD-95F3-28BC3BC07D81}"
EndProject
Global
	GlobalSection(SolutionConfigurationPlatforms) = preSolution
		Debug|Any CPU = Debug|Any CPU
		Release|Any CPU = Release|Any CPU
	EndGlobalSection
	GlobalSection(ProjectConfigurationPlatforms) = postSolution
		{B0D928E4-7FC5-4BCD-95F3-28BC3BC07D81}.Debug|Any CPU.ActiveCfg = Debug|Any CPU
		{B0D928E4-7FC5-4BCD-95F3-28BC3BC07D81}.Debug|Any CPU.Build.0 = Debug|Any CPU
		{B0D928E4-7FC5-4BCD-95F3-28BC3BC07D81}.Release|Any CPU.ActiveCfg = Release|Any CPU
		{B0D928E4-7FC5-4BCD-95F3-28BC3BC07D81}.Release|Any CPU.Build.0 = Release|Any CPU
	EndGlobalSection
	GlobalSection(SolutionProperties) = preSolution
		HideSolutionNode = FALSE
	EndGlobalSection
	GlobalSection(ExtensibilityGlobals) = postSolution
		SolutionGuid = {A99560EB-E8A2-4115-8357-5AEAC6B6243C}
	EndGlobalSection
EndGlobal
